
Microsoft Visual Studio Solution File, Format Version 12.00
# Visual Studio Version 17
VisualStudioVersion = 17.13.35825.156
MinimumVisualStudioVersion = 10.0.40219.1
Project("{FAE04EC0-301F-11D3-BF4B-00C04F79EFBC}") = "EduClick", "EduClick.csproj", "{FEC3B282-6E37-4A2F-8DB6-9F8506B26E30}"
EndProject
Global
	GlobalSection(SolutionConfigurationPlatforms) = preSolution
		Debug|Any CPU = Debug|Any CPU
		Release|Any CPU = Release|Any CPU
	EndGlobalSection
	GlobalSection(ProjectConfigurationPlatforms) = postSolution
		{FEC3B282-6E37-4A2F-8DB6-9F8506B26E30}.Debug|Any CPU.ActiveCfg = Debug|Any CPU
		{FEC3B282-6E37-4A2F-8DB6-9F8506B26E30}.Debug|Any CPU.Build.0 = Debug|Any CPU
		{FEC3B282-6E37-4A2F-8DB6-9F8506B26E30}.Release|Any CPU.ActiveCfg = Release|Any CPU
		{FEC3B282-6E37-4A2F-8DB6-9F8506B26E30}.Release|Any CPU.Build.0 = Release|Any CPU
	EndGlobalSection
	GlobalSection(SolutionProperties) = preSolution
		HideSolutionNode = FALSE
	EndGlobalSection
	GlobalSection(ExtensibilityGlobals) = postSolution
		SolutionGuid = {3BD81E2D-3F06-4612-A503-475237A45C90}
	EndGlobalSection
EndGlobal
