
Microsoft Visual Studio Solution File, Format Version 12.00
# Visual Studio Version 17
VisualStudioVersion = 17.13.35825.156 d17.13
MinimumVisualStudioVersion = 10.0.40219.1
Project("{FAE04EC0-301F-11D3-BF4B-00C04F79EFBC}") = "Primer actividad", "Primer actividad.csproj", "{DEE6D0A6-21D5-4A54-87D4-15859E90D593}"
EndProject
Global
	GlobalSection(SolutionConfigurationPlatforms) = preSolution
		Debug|Any CPU = Debug|Any CPU
		Release|Any CPU = Release|Any CPU
	EndGlobalSection
	GlobalSection(ProjectConfigurationPlatforms) = postSolution
		{DEE6D0A6-21D5-4A54-87D4-15859E90D593}.Debug|Any CPU.ActiveCfg = Debug|Any CPU
		{DEE6D0A6-21D5-4A54-87D4-15859E90D593}.Debug|Any CPU.Build.0 = Debug|Any CPU
		{DEE6D0A6-21D5-4A54-87D4-15859E90D593}.Release|Any CPU.ActiveCfg = Release|Any CPU
		{DEE6D0A6-21D5-4A54-87D4-15859E90D593}.Release|Any CPU.Build.0 = Release|Any CPU
	EndGlobalSection
	GlobalSection(SolutionProperties) = preSolution
		HideSolutionNode = FALSE
	EndGlobalSection
	GlobalSection(ExtensibilityGlobals) = postSolution
		SolutionGuid = {DFF7AE84-66FA-4DC6-9EDC-A2669F2AD256}
	EndGlobalSection
EndGlobal
